
Microsoft Visual Studio Solution File, Format Version 12.00
# Visual Studio Version 16
VisualStudioVersion = 16.0.34601.136
MinimumVisualStudioVersion = 10.0.40219.1
Project("{FAE04EC0-301F-11D3-BF4B-00C04F79EFBC}") = "praktikum1", "praktikum1\praktikum1.csproj", "{81760E73-9539-48BB-8B88-0C5CFF5DAA81}"
EndProject
Global
	GlobalSection(SolutionConfigurationPlatforms) = preSolution
		Debug|Any CPU = Debug|Any CPU
		Release|Any CPU = Release|Any CPU
	EndGlobalSection
	GlobalSection(ProjectConfigurationPlatforms) = postSolution
		{81760E73-9539-48BB-8B88-0C5CFF5DAA81}.Debug|Any CPU.ActiveCfg = Debug|Any CPU
		{81760E73-9539-48BB-8B88-0C5CFF5DAA81}.Debug|Any CPU.Build.0 = Debug|Any CPU
		{81760E73-9539-48BB-8B88-0C5CFF5DAA81}.Release|Any CPU.ActiveCfg = Release|Any CPU
		{81760E73-9539-48BB-8B88-0C5CFF5DAA81}.Release|Any CPU.Build.0 = Release|Any CPU
	EndGlobalSection
	GlobalSection(SolutionProperties) = preSolution
		HideSolutionNode = FALSE
	EndGlobalSection
	GlobalSection(ExtensibilityGlobals) = postSolution
		SolutionGuid = {E989A90C-5224-4F37-9DDA-FE0066A8FF71}
	EndGlobalSection
EndGlobal
